
Microsoft Visual Studio Solution File, Format Version 12.00
# Visual Studio 15
VisualStudioVersion = 15.0.26124.0
MinimumVisualStudioVersion = 15.0.26124.0
Project("{FAE04EC0-301F-11D3-BF4B-00C04F79EFBC}") = "NeuroNet", "NeuroNet\NeuroNet.csproj", "{214894D6-00E7-49D1-B7F0-DBA557DBDD8A}"
EndProject
Project("{FAE04EC0-301F-11D3-BF4B-00C04F79EFBC}") = "Clusterization", "Clusterization\Clusterization.csproj", "{9FA32CC4-D674-45E9-B118-EA603AD878BC}"
EndProject
Project("{FAE04EC0-301F-11D3-BF4B-00C04F79EFBC}") = "Common", "Common\Common.csproj", "{1A697DC1-A053-40FA-9123-C089A8CD2BF7}"
EndProject
Project("{FAE04EC0-301F-11D3-BF4B-00C04F79EFBC}") = "ChurnModelling", "ChurnModelling\ChurnModelling.csproj", "{FA1EEF7A-0374-4D1E-A23A-9C17DC94B27A}"
EndProject
Global
	GlobalSection(SolutionConfigurationPlatforms) = preSolution
		Debug|Any CPU = Debug|Any CPU
		Debug|x64 = Debug|x64
		Debug|x86 = Debug|x86
		Release|Any CPU = Release|Any CPU
		Release|x64 = Release|x64
		Release|x86 = Release|x86
	EndGlobalSection
	GlobalSection(SolutionProperties) = preSolution
		HideSolutionNode = FALSE
	EndGlobalSection
	GlobalSection(ProjectConfigurationPlatforms) = postSolution
		{214894D6-00E7-49D1-B7F0-DBA557DBDD8A}.Debug|Any CPU.ActiveCfg = Debug|Any CPU
		{214894D6-00E7-49D1-B7F0-DBA557DBDD8A}.Debug|Any CPU.Build.0 = Debug|Any CPU
		{214894D6-00E7-49D1-B7F0-DBA557DBDD8A}.Debug|x64.ActiveCfg = Debug|Any CPU
		{214894D6-00E7-49D1-B7F0-DBA557DBDD8A}.Debug|x64.Build.0 = Debug|Any CPU
		{214894D6-00E7-49D1-B7F0-DBA557DBDD8A}.Debug|x86.ActiveCfg = Debug|Any CPU
		{214894D6-00E7-49D1-B7F0-DBA557DBDD8A}.Debug|x86.Build.0 = Debug|Any CPU
		{214894D6-00E7-49D1-B7F0-DBA557DBDD8A}.Release|Any CPU.ActiveCfg = Release|Any CPU
		{214894D6-00E7-49D1-B7F0-DBA557DBDD8A}.Release|Any CPU.Build.0 = Release|Any CPU
		{214894D6-00E7-49D1-B7F0-DBA557DBDD8A}.Release|x64.ActiveCfg = Release|Any CPU
		{214894D6-00E7-49D1-B7F0-DBA557DBDD8A}.Release|x64.Build.0 = Release|Any CPU
		{214894D6-00E7-49D1-B7F0-DBA557DBDD8A}.Release|x86.ActiveCfg = Release|Any CPU
		{214894D6-00E7-49D1-B7F0-DBA557DBDD8A}.Release|x86.Build.0 = Release|Any CPU
		{9FA32CC4-D674-45E9-B118-EA603AD878BC}.Debug|Any CPU.ActiveCfg = Debug|Any CPU
		{9FA32CC4-D674-45E9-B118-EA603AD878BC}.Debug|Any CPU.Build.0 = Debug|Any CPU
		{9FA32CC4-D674-45E9-B118-EA603AD878BC}.Debug|x64.ActiveCfg = Debug|Any CPU
		{9FA32CC4-D674-45E9-B118-EA603AD878BC}.Debug|x64.Build.0 = Debug|Any CPU
		{9FA32CC4-D674-45E9-B118-EA603AD878BC}.Debug|x86.ActiveCfg = Debug|Any CPU
		{9FA32CC4-D674-45E9-B118-EA603AD878BC}.Debug|x86.Build.0 = Debug|Any CPU
		{9FA32CC4-D674-45E9-B118-EA603AD878BC}.Release|Any CPU.ActiveCfg = Release|Any CPU
		{9FA32CC4-D674-45E9-B118-EA603AD878BC}.Release|Any CPU.Build.0 = Release|Any CPU
		{9FA32CC4-D674-45E9-B118-EA603AD878BC}.Release|x64.ActiveCfg = Release|Any CPU
		{9FA32CC4-D674-45E9-B118-EA603AD878BC}.Release|x64.Build.0 = Release|Any CPU
		{9FA32CC4-D674-45E9-B118-EA603AD878BC}.Release|x86.ActiveCfg = Release|Any CPU
		{9FA32CC4-D674-45E9-B118-EA603AD878BC}.Release|x86.Build.0 = Release|Any CPU
		{1A697DC1-A053-40FA-9123-C089A8CD2BF7}.Debug|Any CPU.ActiveCfg = Debug|Any CPU
		{1A697DC1-A053-40FA-9123-C089A8CD2BF7}.Debug|Any CPU.Build.0 = Debug|Any CPU
		{1A697DC1-A053-40FA-9123-C089A8CD2BF7}.Debug|x64.ActiveCfg = Debug|Any CPU
		{1A697DC1-A053-40FA-9123-C089A8CD2BF7}.Debug|x64.Build.0 = Debug|Any CPU
		{1A697DC1-A053-40FA-9123-C089A8CD2BF7}.Debug|x86.ActiveCfg = Debug|Any CPU
		{1A697DC1-A053-40FA-9123-C089A8CD2BF7}.Debug|x86.Build.0 = Debug|Any CPU
		{1A697DC1-A053-40FA-9123-C089A8CD2BF7}.Release|Any CPU.ActiveCfg = Release|Any CPU
		{1A697DC1-A053-40FA-9123-C089A8CD2BF7}.Release|Any CPU.Build.0 = Release|Any CPU
		{1A697DC1-A053-40FA-9123-C089A8CD2BF7}.Release|x64.ActiveCfg = Release|Any CPU
		{1A697DC1-A053-40FA-9123-C089A8CD2BF7}.Release|x64.Build.0 = Release|Any CPU
		{1A697DC1-A053-40FA-9123-C089A8CD2BF7}.Release|x86.ActiveCfg = Release|Any CPU
		{1A697DC1-A053-40FA-9123-C089A8CD2BF7}.Release|x86.Build.0 = Release|Any CPU
		{FA1EEF7A-0374-4D1E-A23A-9C17DC94B27A}.Debug|Any CPU.ActiveCfg = Debug|Any CPU
		{FA1EEF7A-0374-4D1E-A23A-9C17DC94B27A}.Debug|Any CPU.Build.0 = Debug|Any CPU
		{FA1EEF7A-0374-4D1E-A23A-9C17DC94B27A}.Debug|x64.ActiveCfg = Debug|Any CPU
		{FA1EEF7A-0374-4D1E-A23A-9C17DC94B27A}.Debug|x64.Build.0 = Debug|Any CPU
		{FA1EEF7A-0374-4D1E-A23A-9C17DC94B27A}.Debug|x86.ActiveCfg = Debug|Any CPU
		{FA1EEF7A-0374-4D1E-A23A-9C17DC94B27A}.Debug|x86.Build.0 = Debug|Any CPU
		{FA1EEF7A-0374-4D1E-A23A-9C17DC94B27A}.Release|Any CPU.ActiveCfg = Release|Any CPU
		{FA1EEF7A-0374-4D1E-A23A-9C17DC94B27A}.Release|Any CPU.Build.0 = Release|Any CPU
		{FA1EEF7A-0374-4D1E-A23A-9C17DC94B27A}.Release|x64.ActiveCfg = Release|Any CPU
		{FA1EEF7A-0374-4D1E-A23A-9C17DC94B27A}.Release|x64.Build.0 = Release|Any CPU
		{FA1EEF7A-0374-4D1E-A23A-9C17DC94B27A}.Release|x86.ActiveCfg = Release|Any CPU
		{FA1EEF7A-0374-4D1E-A23A-9C17DC94B27A}.Release|x86.Build.0 = Release|Any CPU
	EndGlobalSection
EndGlobal
